// !$*UTF8*$!
{
	archiveVersion = 1;
	classes = {
	};
	objectVersion = 48;
	objects = {

/* Begin PBXBuildFile section */
		BF5B08C92056B9CF008E8589 /* AppDelegate.swift in Sources */ = {isa = PBXBuildFile; fileRef = BF5B08C82056B9CF008E8589 /* AppDelegate.swift */; };
		BF5B08CB2056B9CF008E8589 /* ViewController.swift in Sources */ = {isa = PBXBuildFile; fileRef = BF5B08CA2056B9CF008E8589 /* ViewController.swift */; };
		BF5B08CE2056B9CF008E8589 /* Main.storyboard in Resources */ = {isa = PBXBuildFile; fileRef = BF5B08CC2056B9CF008E8589 /* Main.storyboard */; };
		BF5B08D02056B9CF008E8589 /* Assets.xcassets in Resources */ = {isa = PBXBuildFile; fileRef = BF5B08CF2056B9CF008E8589 /* Assets.xcassets */; };
		BF5B08D32056B9CF008E8589 /* LaunchScreen.storyboard in Resources */ = {isa = PBXBuildFile; fileRef = BF5B08D12056B9CF008E8589 /* LaunchScreen.storyboard */; };
/* End PBXBuildFile section */

/* Begin PBXFileReference section */
		BF5B08C52056B9CF008E8589 /* LanguageDemo.app */ = {isa = PBXFileReference; explicitFileType = wrapper.application; includeInIndex = 0; path = LanguageDemo.app; sourceTree = BUILT_PRODUCTS_DIR; };
		BF5B08C82056B9CF008E8589 /* AppDelegate.swift */ = {isa = PBXFileReference; lastKnownFileType = sourcecode.swift; path = AppDelegate.swift; sourceTree = "<group>"; };
		BF5B08CA2056B9CF008E8589 /* ViewController.swift */ = {isa = PBXFileReference; lastKnownFileType = sourcecode.swift; path = ViewController.swift; sourceTree = "<group>"; };
		BF5B08CD2056B9CF008E8589 /* Base */ = {isa = PBXFileReference; lastKnownFileType = file.storyboard; name = Base; path = Base.lproj/Main.storyboard; sourceTree = "<group>"; };
		BF5B08CF2056B9CF008E8589 /* Assets.xcassets */ = {isa = PBXFileReference; lastKnownFileType = folder.assetcatalog; path = Assets.xcassets; sourceTree = "<group>"; };
		BF5B08D22056B9CF008E8589 /* Base */ = {isa = PBXFileReference; lastKnownFileType = file.storyboard; name = Base; path = Base.lproj/LaunchScreen.storyboard; sourceTree = "<group>"; };
		BF5B08D42056B9CF008E8589 /* Info.plist */ = {isa = PBXFileReference; lastKnownFileType = text.plist.xml; path = Info.plist; sourceTree = "<group>"; };
/* End PBXFileReference section */

/* Begin PBXFrameworksBuildPhase section */
		BF5B08C22056B9CF008E8589 /* Frameworks */ = {
			isa = PBXFrameworksBuildPhase;
			buildActionMask = 2147483647;
			files = (
			);
			runOnlyForDeploymentPostprocessing = 0;
		};
/* End PBXFrameworksBuildPhase section */

/* Begin PBXGroup section */
		BF5B08BC2056B9CF008E8589 = {
			isa = PBXGroup;
			children = (
				BF5B08C72056B9CF008E8589 /* LanguageDemo */,
				BF5B08C62056B9CF008E8589 /* Products */,
			);
			sourceTree = "<group>";
		};
		BF5B08C62056B9CF008E8589 /* Products */ = {
			isa = PBXGroup;
			children = (
				BF5B08C52056B9CF008E8589 /* LanguageDemo.app */,
			);
			name = Products;
			sourceTree = "<group>";
		};
		BF5B08C72056B9CF008E8589 /* LanguageDemo */ = {
			isa = PBXGroup;
			children = (
				BF5B08C82056B9CF008E8589 /* AppDelegate.swift */,
				BF5B08CA2056B9CF008E8589 /* ViewController.swift */,
				BF5B08CC2056B9CF008E8589 /* Main.storyboard */,
				BF5B08CF2056B9CF008E8589 /* Assets.xcassets */,
				BF5B08D12056B9CF008E8589 /* LaunchScreen.storyboard */,
				BF5B08D42056B9CF008E8589 /* Info.plist */,
			);
			path = LanguageDemo;
			sourceTree = "<group>";
		};
/* End PBXGroup section */

/* Begin PBXNativeTarget section */
		BF5B08C42056B9CF008E8589 /* LanguageDemo */ = {
			isa = PBXNativeTarget;
			buildConfigurationList = BF5B08D72056B9CF008E8589 /* Build configuration list for PBXNativeTarget "LanguageDemo" */;
			buildPhases = (
				BF5B08C12056B9CF008E8589 /* Sources */,
				BF5B08C22056B9CF008E8589 /* Frameworks */,
				BF5B08C32056B9CF008E8589 /* Resources */,
			);
			buildRules = (
			);
			dependencies = (
			);
			name = LanguageDemo;
			productName = LanguageDemo;
			productReference = BF5B08C52056B9CF008E8589 /* LanguageDemo.app */;
			productType = "com.apple.product-type.application";
		};
/* End PBXNativeTarget section */

/* Begin PBXProject section */
		BF5B08BD2056B9CF008E8589 /* Project object */ = {
			isa = PBXProject;
			attributes = {
				LastSwiftUpdateCheck = 0920;
				LastUpgradeCheck = 0920;
				ORGANIZATIONNAME = omapps;
				TargetAttributes = {
					BF5B08C42056B9CF008E8589 = {
						CreatedOnToolsVersion = 9.2;
						ProvisioningStyle = Automatic;
					};
				};
			};
			buildConfigurationList = BF5B08C02056B9CF008E8589 /* Build configuration list for PBXProject "LanguageDemo" */;
			compatibilityVersion = "Xcode 8.0";
			developmentRegion = en;
			hasScannedForEncodings = 0;
			knownRegions = (
				en,
				Base,
			);
			mainGroup = BF5B08BC2056B9CF008E8589;
			productRefGroup = BF5B08C62056B9CF008E8589 /* Products */;
			projectDirPath = "";
			projectRoot = "";
			targets = (
				BF5B08C42056B9CF008E8589 /* LanguageDemo */,
			);
		};
/* End PBXProject section */

/* Begin PBXResourcesBuildPhase section */
		BF5B08C32056B9CF008E8589 /* Resources */ = {
			isa = PBXResourcesBuildPhase;
			buildActionMask = 2147483647;
			files = (
				BF5B08D32056B9CF008E8589 /* LaunchScreen.storyboard in Resources */,
				BF5B08D02056B9CF008E8589 /* Assets.xcassets in Resources */,
				BF5B08CE2056B9CF008E8589 /* Main.storyboard in Resources */,
			);
			runOnlyForDeploymentPostprocessing = 0;
		};
/* End PBXResourcesBuildPhase section */

/* Begin PBXSourcesBuildPhase section */
		BF5B08C12056B9CF008E8589 /* Sources */ = {
			isa = PBXSourcesBuildPhase;
			buildActionMask = 2147483647;
			files = (
				BF5B08CB2056B9CF008E8589 /* ViewController.swift in Sources */,
				BF5B08C92056B9CF008E8589 /* AppDelegate.swift in Sources */,
			);
			runOnlyForDeploymentPostprocessing = 0;
		};
/* End PBXSourcesBuildPhase section */

/* Begin PBXVariantGroup section */
		BF5B08CC2056B9CF008E8589 /* Main.storyboard */ = {
			isa = PBXVariantGroup;
			children = (
				BF5B08CD2056B9CF008E8589 /* Base */,
			);
			name = Main.storyboard;
			sourceTree = "<group>";
		};
		BF5B08D12056B9CF008E8589 /* LaunchScreen.storyboard */ = {
			isa = PBXVariantGroup;
			children = (
				BF5B08D22056B9CF008E8589 /* Base */,
			);
			name = LaunchScreen.storyboard;
			sourceTree = "<group>";
		};
/* End PBXVariantGroup section */

/* Begin XCBuildConfiguration section */
		BF5B08D52056B9CF008E8589 /* Debug */ = {
			isa = XCBuildConfiguration;
			buildSettings = {
				ALWAYS_SEARCH_USER_PATHS = NO;
				CLANG_ANALYZER_NONNULL = YES;
				CLANG_ANALYZER_NUMBER_OBJECT_CONVERSION = YES_AGGRESSIVE;
				CLANG_CXX_LANGUAGE_STANDARD = "gnu++14";
				CLANG_CXX_LIBRARY = "libc++";
				CLANG_ENABLE_MODULES = YES;
				CLANG_ENABLE_OBJC_ARC = YES;
				CLANG_WARN_BLOCK_CAPTURE_AUTORELEASING = YES;
				CLANG_WARN_BOOL_CONVERSION = YES;
				CLANG_WARN_COMMA = YES;
				CLANG_WARN_CONSTANT_CONVERSION = YES;
				CLANG_WARN_DIRECT_OBJC_ISA_USAGE = YES_ERROR;
				CLANG_WARN_DOCUMENTATION_COMMENTS = YES;
				CLANG_WARN_EMPTY_BODY = YES;
				CLANG_WARN_ENUM_CONVERSION = YES;
				CLANG_WARN_INFINITE_RECURSION = YES;
				CLANG_WARN_INT_CONVERSION = YES;
				CLANG_WARN_NON_LITERAL_NULL_CONVERSION = YES;
				CLANG_WARN_OBJC_LITERAL_CONVERSION = YES;
				CLANG_WARN_OBJC_ROOT_CLASS = YES_ERROR;
				CLANG_WARN_RANGE_LOOP_ANALYSIS = YES;
				CLANG_WARN_STRICT_PROTOTYPES = YES;
				CLANG_WARN_SUSPICIOUS_MOVE = YES;
				CLANG_WARN_UNGUARDED_AVAILABILITY = YES_AGGRESSIVE;
				CLANG_WARN_UNREACHABLE_CODE = YES;
				CLANG_WARN__DUPLICATE_METHOD_MATCH = YES;
				CODE_SIGN_IDENTITY = "iPhone Developer";
				COPY_PHASE_STRIP = NO;
				DEBUG_INFORMATION_FORMAT = dwarf;
				ENABLE_STRICT_OBJC_MSGSEND = YES;
				ENABLE_TESTABILITY = YES;
				GCC_C_LANGUAGE_STANDARD = gnu11;
				GCC_DYNAMIC_NO_PIC = NO;
				GCC_NO_COMMON_BLOCKS = YES;
				GCC_OPTIMIZATION_LEVEL = 0;
				GCC_PREPROCESSOR_DEFINITIONS = (
					"DEBUG=1",
					"$(inherited)",
				);
				GCC_WARN_64_TO_32_BIT_CONVERSION = YES;
				GCC_WARN_ABOUT_RETURN_TYPE = YES_ERROR;
				GCC_WARN_UNDECLARED_SELECTOR = YES;
				GCC_WARN_UNINITIALIZED_AUTOS = YES_AGGRESSIVE;
				GCC_WARN_UNUSED_FUNCTION = YES;
				GCC_WARN_UNUSED_VARIABLE = YES;
				IPHONEOS_DEPLOYMENT_TARGET = 11.2;
				MTL_ENABLE_DEBUG_INFO = YES;
				ONLY_ACTIVE_ARCH = YES;
				SDKROOT = iphoneos;
				SWIFT_ACTIVE_COMPILATION_CONDITIONS = DEBUG;
				SWIFT_OPTIMIZATION_LEVEL = "-Onone";
			};
			name = Debug;
		};
		BF5B08D62056B9CF008E8589 /* Release */ = {
			isa = XCBuildConfiguration;
			buildSettings = {
				ALWAYS_SEARCH_USER_PATHS = NO;
				CLANG_ANALYZER_NONNULL = YES;
				CLANG_ANALYZER_NUMBER_OBJECT_CONVERSION = YES_AGGRESSIVE;
				CLANG_CXX_LANGUAGE_STANDARD = "gnu++14";
				CLANG_CXX_LIBRARY = "libc++";
				CLANG_ENABLE_MODULES = YES;
				CLANG_ENABLE_OBJC_ARC = YES;
				CLANG_WARN_BLOCK_CAPTURE_AUTORELEASING = YES;
				CLANG_WARN_BOOL_CONVERSION = YES;
				CLANG_WARN_COMMA = YES;
				CLANG_WARN_CONSTANT_CONVERSION = YES;
				CLANG_WARN_DIRECT_OBJC_ISA_USAGE = YES_ERROR;
				CLANG_WARN_DOCUMENTATION_COMMENTS = YES;
				CLANG_WARN_EMPTY_BODY = YES;
				CLANG_WARN_ENUM_CONVERSION = YES;
				CLANG_WARN_INFINITE_RECURSION = YES;
				CLANG_WARN_INT_CONVERSION = YES;
				CLANG_WARN_NON_LITERAL_NULL_CONVERSION = YES;
				CLANG_WARN_OBJC_LITERAL_CONVERSION = YES;
				CLANG_WARN_OBJC_ROOT_CLASS = YES_ERROR;
				CLANG_WARN_RANGE_LOOP_ANALYSIS = YES;
				CLANG_WARN_STRICT_PROTOTYPES = YES;
				CLANG_WARN_SUSPICIOUS_MOVE = YES;
				CLANG_WARN_UNGUARDED_AVAILABILITY = YES_AGGRESSIVE;
				CLANG_WARN_UNREACHABLE_CODE = YES;
				CLANG_WARN__DUPLICATE_METHOD_MATCH = YES;
				CODE_SIGN_IDENTITY = "iPhone Developer";
				COPY_PHASE_STRIP = NO;
				DEBUG_INFORMATION_FORMAT = "dwarf-with-dsym";
				ENABLE_NS_ASSERTIONS = NO;
				ENABLE_STRICT_OBJC_MSGSEND = YES;
				GCC_C_LANGUAGE_STANDARD = gnu11;
				GCC_NO_COMMON_BLOCKS = YES;
				GCC_WARN_64_TO_32_BIT_CONVERSION = YES;
				GCC_WARN_ABOUT_RETURN_TYPE = YES_ERROR;
				GCC_WARN_UNDECLARED_SELECTOR = YES;
				GCC_WARN_UNINITIALIZED_AUTOS = YES_AGGRESSIVE;
				GCC_WARN_UNUSED_FUNCTION = YES;
				GCC_WARN_UNUSED_VARIABLE = YES;
				IPHONEOS_DEPLOYMENT_TARGET = 11.2;
				MTL_ENABLE_DEBUG_INFO = NO;
				SDKROOT = iphoneos;
				SWIFT_OPTIMIZATION_LEVEL = "-Owholemodule";
				VALIDATE_PRODUCT = YES;
			};
			name = Release;
		};
		BF5B08D82056B9CF008E8589 /* Debug */ = {
			isa = XCBuildConfiguration;
			buildSettings = {
				ASSETCATALOG_COMPILER_APPICON_NAME = AppIcon;
				CODE_SIGN_STYLE = Automatic;
				DEVELOPMENT_TEAM = 5UGZJE492X;
				INFOPLIST_FILE = LanguageDemo/Info.plist;
				LD_RUNPATH_SEARCH_PATHS = "$(inherited) @executable_path/Frameworks";
				PRODUCT_BUNDLE_IDENTIFIER = com.OlivierMiserez.LanguageDemo;
				PRODUCT_NAME = "$(TARGET_NAME)";
				SWIFT_VERSION = 4.0;
				TARGETED_DEVICE_FAMILY = "1,2";
			};
			name = Debug;
		};
		BF5B08D92056B9CF008E8589 /* Release */ = {
			isa = XCBuildConfiguration;
			buildSettings = {
				ASSETCATALOG_COMPILER_APPICON_NAME = AppIcon;
				CODE_SIGN_STYLE = Automatic;
				DEVELOPMENT_TEAM = 5UGZJE492X;
				INFOPLIST_FILE = LanguageDemo/Info.plist;
				LD_RUNPATH_SEARCH_PATHS = "$(inherited) @executable_path/Frameworks";
				PRODUCT_BUNDLE_IDENTIFIER = com.OlivierMiserez.LanguageDemo;
				PRODUCT_NAME = "$(TARGET_NAME)";
				SWIFT_VERSION = 4.0;
				TARGETED_DEVICE_FAMILY = "1,2";
			};
			name = Release;
		};
/* End XCBuildConfiguration section */

/* Begin XCConfigurationList section */
		BF5B08C02056B9CF008E8589 /* Build configuration list for PBXProject "LanguageDemo" */ = {
			isa = XCConfigurationList;
			buildConfigurations = (
				BF5B08D52056B9CF008E8589 /* Debug */,
				BF5B08D62056B9CF008E8589 /* Release */,
			);
			defaultConfigurationIsVisible = 0;
			defaultConfigurationName = Release;
		};
		BF5B08D72056B9CF008E8589 /* Build configuration list for PBXNativeTarget "LanguageDemo" */ = {
			isa = XCConfigurationList;
			buildConfigurations = (
				BF5B08D82056B9CF008E8589 /* Debug */,
				BF5B08D92056B9CF008E8589 /* Release */,
			);
			defaultConfigurationIsVisible = 0;
			defaultConfigurationName = Release;
		};
/* End XCConfigurationList section */
	};
	rootObject = BF5B08BD2056B9CF008E8589 /* Project object */;
}
